
Microsoft Visual Studio Solution File, Format Version 12.00
# Visual Studio Version 17
VisualStudioVersion = 17.11.35222.181
MinimumVisualStudioVersion = 10.0.40219.1
Project("{FAE04EC0-301F-11D3-BF4B-00C04F79EFBC}") = "Task_1", "Task_1\Task_1.csproj", "{40845D83-B801-42C0-AEB4-C10544EAE7D1}"
EndProject
Project("{FAE04EC0-301F-11D3-BF4B-00C04F79EFBC}") = "Task_2", "Task_2\Task_2.csproj", "{FC019D2D-1DAB-4DD1-8C3A-1D8F475BF7E6}"
EndProject
Project("{FAE04EC0-301F-11D3-BF4B-00C04F79EFBC}") = "Task_3", "Task_3\Task_3.csproj", "{1808E998-539A-4046-8D4A-D6DC3006CA60}"
EndProject
Project("{FAE04EC0-301F-11D3-BF4B-00C04F79EFBC}") = "Task_4", "Task_4\Task_4.csproj", "{22395107-78B5-4B24-9527-D76D0C023BB4}"
EndProject
Project("{FAE04EC0-301F-11D3-BF4B-00C04F79EFBC}") = "Task_5", "Task_5\Task_5.csproj", "{42593019-43AC-44D4-B314-CC308F0CD33E}"
EndProject
Project("{FAE04EC0-301F-11D3-BF4B-00C04F79EFBC}") = "Task_6", "Task_6\Task_6.csproj", "{B423FCEB-28E1-4CD5-ADFC-7AB61167C036}"
EndProject
Project("{FAE04EC0-301F-11D3-BF4B-00C04F79EFBC}") = "Task_7", "Task_7\Task_7.csproj", "{0973268C-C293-4BAB-BBCE-4B22E9143A1A}"
EndProject
Project("{FAE04EC0-301F-11D3-BF4B-00C04F79EFBC}") = "Task_8", "Task_8\Task_8.csproj", "{6910E24D-1FF1-4D91-A359-64C8567A6EAE}"
EndProject
Project("{FAE04EC0-301F-11D3-BF4B-00C04F79EFBC}") = "Task_9", "Task_9\Task_9.csproj", "{3FDACC11-9E18-4C70-AF46-82DF29E13C12}"
EndProject
Project("{FAE04EC0-301F-11D3-BF4B-00C04F79EFBC}") = "Task_10", "Task_10\Task_10.csproj", "{C9599477-C208-4303-A1E6-6003AB5BC419}"
EndProject
Project("{FAE04EC0-301F-11D3-BF4B-00C04F79EFBC}") = "Task_11", "Task_11\Task_11.csproj", "{798DAAB5-C130-4998-8884-AEF10565D7F7}"
EndProject
Project("{FAE04EC0-301F-11D3-BF4B-00C04F79EFBC}") = "Task_12", "Task_12\Task_12.csproj", "{F58C0552-28AF-4352-8F72-9008AEFB029E}"
EndProject
Global
	GlobalSection(SolutionConfigurationPlatforms) = preSolution
		Debug|Any CPU = Debug|Any CPU
		Release|Any CPU = Release|Any CPU
	EndGlobalSection
	GlobalSection(ProjectConfigurationPlatforms) = postSolution
		{40845D83-B801-42C0-AEB4-C10544EAE7D1}.Debug|Any CPU.ActiveCfg = Debug|Any CPU
		{40845D83-B801-42C0-AEB4-C10544EAE7D1}.Debug|Any CPU.Build.0 = Debug|Any CPU
		{40845D83-B801-42C0-AEB4-C10544EAE7D1}.Release|Any CPU.ActiveCfg = Release|Any CPU
		{40845D83-B801-42C0-AEB4-C10544EAE7D1}.Release|Any CPU.Build.0 = Release|Any CPU
		{FC019D2D-1DAB-4DD1-8C3A-1D8F475BF7E6}.Debug|Any CPU.ActiveCfg = Debug|Any CPU
		{FC019D2D-1DAB-4DD1-8C3A-1D8F475BF7E6}.Debug|Any CPU.Build.0 = Debug|Any CPU
		{FC019D2D-1DAB-4DD1-8C3A-1D8F475BF7E6}.Release|Any CPU.ActiveCfg = Release|Any CPU
		{FC019D2D-1DAB-4DD1-8C3A-1D8F475BF7E6}.Release|Any CPU.Build.0 = Release|Any CPU
		{1808E998-539A-4046-8D4A-D6DC3006CA60}.Debug|Any CPU.ActiveCfg = Debug|Any CPU
		{1808E998-539A-4046-8D4A-D6DC3006CA60}.Debug|Any CPU.Build.0 = Debug|Any CPU
		{1808E998-539A-4046-8D4A-D6DC3006CA60}.Release|Any CPU.ActiveCfg = Release|Any CPU
		{1808E998-539A-4046-8D4A-D6DC3006CA60}.Release|Any CPU.Build.0 = Release|Any CPU
		{22395107-78B5-4B24-9527-D76D0C023BB4}.Debug|Any CPU.ActiveCfg = Debug|Any CPU
		{22395107-78B5-4B24-9527-D76D0C023BB4}.Debug|Any CPU.Build.0 = Debug|Any CPU
		{22395107-78B5-4B24-9527-D76D0C023BB4}.Release|Any CPU.ActiveCfg = Release|Any CPU
		{22395107-78B5-4B24-9527-D76D0C023BB4}.Release|Any CPU.Build.0 = Release|Any CPU
		{42593019-43AC-44D4-B314-CC308F0CD33E}.Debug|Any CPU.ActiveCfg = Debug|Any CPU
		{42593019-43AC-44D4-B314-CC308F0CD33E}.Debug|Any CPU.Build.0 = Debug|Any CPU
		{42593019-43AC-44D4-B314-CC308F0CD33E}.Release|Any CPU.ActiveCfg = Release|Any CPU
		{42593019-43AC-44D4-B314-CC308F0CD33E}.Release|Any CPU.Build.0 = Release|Any CPU
		{B423FCEB-28E1-4CD5-ADFC-7AB61167C036}.Debug|Any CPU.ActiveCfg = Debug|Any CPU
		{B423FCEB-28E1-4CD5-ADFC-7AB61167C036}.Debug|Any CPU.Build.0 = Debug|Any CPU
		{B423FCEB-28E1-4CD5-ADFC-7AB61167C036}.Release|Any CPU.ActiveCfg = Release|Any CPU
		{B423FCEB-28E1-4CD5-ADFC-7AB61167C036}.Release|Any CPU.Build.0 = Release|Any CPU
		{0973268C-C293-4BAB-BBCE-4B22E9143A1A}.Debug|Any CPU.ActiveCfg = Debug|Any CPU
		{0973268C-C293-4BAB-BBCE-4B22E9143A1A}.Debug|Any CPU.Build.0 = Debug|Any CPU
		{0973268C-C293-4BAB-BBCE-4B22E9143A1A}.Release|Any CPU.ActiveCfg = Release|Any CPU
		{0973268C-C293-4BAB-BBCE-4B22E9143A1A}.Release|Any CPU.Build.0 = Release|Any CPU
		{6910E24D-1FF1-4D91-A359-64C8567A6EAE}.Debug|Any CPU.ActiveCfg = Debug|Any CPU
		{6910E24D-1FF1-4D91-A359-64C8567A6EAE}.Debug|Any CPU.Build.0 = Debug|Any CPU
		{6910E24D-1FF1-4D91-A359-64C8567A6EAE}.Release|Any CPU.ActiveCfg = Release|Any CPU
		{6910E24D-1FF1-4D91-A359-64C8567A6EAE}.Release|Any CPU.Build.0 = Release|Any CPU
		{3FDACC11-9E18-4C70-AF46-82DF29E13C12}.Debug|Any CPU.ActiveCfg = Debug|Any CPU
		{3FDACC11-9E18-4C70-AF46-82DF29E13C12}.Debug|Any CPU.Build.0 = Debug|Any CPU
		{3FDACC11-9E18-4C70-AF46-82DF29E13C12}.Release|Any CPU.ActiveCfg = Release|Any CPU
		{3FDACC11-9E18-4C70-AF46-82DF29E13C12}.Release|Any CPU.Build.0 = Release|Any CPU
		{C9599477-C208-4303-A1E6-6003AB5BC419}.Debug|Any CPU.ActiveCfg = Debug|Any CPU
		{C9599477-C208-4303-A1E6-6003AB5BC419}.Debug|Any CPU.Build.0 = Debug|Any CPU
		{C9599477-C208-4303-A1E6-6003AB5BC419}.Release|Any CPU.ActiveCfg = Release|Any CPU
		{C9599477-C208-4303-A1E6-6003AB5BC419}.Release|Any CPU.Build.0 = Release|Any CPU
		{798DAAB5-C130-4998-8884-AEF10565D7F7}.Debug|Any CPU.ActiveCfg = Debug|Any CPU
		{798DAAB5-C130-4998-8884-AEF10565D7F7}.Debug|Any CPU.Build.0 = Debug|Any CPU
		{798DAAB5-C130-4998-8884-AEF10565D7F7}.Release|Any CPU.ActiveCfg = Release|Any CPU
		{798DAAB5-C130-4998-8884-AEF10565D7F7}.Release|Any CPU.Build.0 = Release|Any CPU
		{F58C0552-28AF-4352-8F72-9008AEFB029E}.Debug|Any CPU.ActiveCfg = Debug|Any CPU
		{F58C0552-28AF-4352-8F72-9008AEFB029E}.Debug|Any CPU.Build.0 = Debug|Any CPU
		{F58C0552-28AF-4352-8F72-9008AEFB029E}.Release|Any CPU.ActiveCfg = Release|Any CPU
		{F58C0552-28AF-4352-8F72-9008AEFB029E}.Release|Any CPU.Build.0 = Release|Any CPU
	EndGlobalSection
	GlobalSection(SolutionProperties) = preSolution
		HideSolutionNode = FALSE
	EndGlobalSection
	GlobalSection(ExtensibilityGlobals) = postSolution
		SolutionGuid = {E03F9F28-6DBA-44BE-8B7A-A886DB3A378A}
	EndGlobalSection
EndGlobal
