
Microsoft Visual Studio Solution File, Format Version 12.00
# Visual Studio Version 17
VisualStudioVersion = 17.11.35222.181
MinimumVisualStudioVersion = 10.0.40219.1
Project("{FAE04EC0-301F-11D3-BF4B-00C04F79EFBC}") = "Task_1", "Task_1\Task_1.csproj", "{045DFA01-78E0-4ECB-A579-DD28C723C44E}"
EndProject
Project("{FAE04EC0-301F-11D3-BF4B-00C04F79EFBC}") = "Task_2", "Task_2\Task_2.csproj", "{8885FDB9-591F-4887-8290-9BBAEB8A8DEA}"
EndProject
Project("{FAE04EC0-301F-11D3-BF4B-00C04F79EFBC}") = "Task_3", "Task_3\Task_3.csproj", "{8DE4C583-9C20-4D5B-BE34-B3D8216F21A2}"
EndProject
Project("{FAE04EC0-301F-11D3-BF4B-00C04F79EFBC}") = "Task_4", "Task_4\Task_4.csproj", "{CEE3A7FF-0BFC-4045-AF67-CCC96361E884}"
EndProject
Project("{FAE04EC0-301F-11D3-BF4B-00C04F79EFBC}") = "Task_5", "Task_5\Task_5.csproj", "{D7ADBABA-51C6-4269-89C3-7410D0147E5F}"
EndProject
Project("{FAE04EC0-301F-11D3-BF4B-00C04F79EFBC}") = "Task_6", "Task_6\Task_6.csproj", "{2CB19C54-8933-4BCB-86D8-C3AC81448D8C}"
EndProject
Project("{FAE04EC0-301F-11D3-BF4B-00C04F79EFBC}") = "Task_7", "Task_7\Task_7.csproj", "{1E3AEF3C-59D5-460E-B2BE-453B095A7977}"
EndProject
Project("{FAE04EC0-301F-11D3-BF4B-00C04F79EFBC}") = "Task_8", "Task_8\Task_8.csproj", "{2E2848F8-D1C1-4422-9AA9-B63183531EB8}"
EndProject
Project("{FAE04EC0-301F-11D3-BF4B-00C04F79EFBC}") = "Task_9", "Task_9\Task_9.csproj", "{80E28193-CEE2-4AF6-B9F4-FF4674199C3B}"
EndProject
Project("{FAE04EC0-301F-11D3-BF4B-00C04F79EFBC}") = "Task_10", "Task_10\Task_10.csproj", "{1E5375BB-99F1-46A4-BA27-15BAC5CE2337}"
EndProject
Project("{FAE04EC0-301F-11D3-BF4B-00C04F79EFBC}") = "Task_11", "Task_11\Task_11.csproj", "{D62FDC7B-D901-46E6-A775-BEE70BFA9528}"
EndProject
Project("{FAE04EC0-301F-11D3-BF4B-00C04F79EFBC}") = "Task_12", "Task_12\Task_12.csproj", "{9F24C8F1-C386-4508-9E95-198A6D1EB488}"
EndProject
Project("{FAE04EC0-301F-11D3-BF4B-00C04F79EFBC}") = "Task_13", "Task_13\Task_13.csproj", "{C4EB04AF-75CC-40A5-927E-D2F6D65B7AD7}"
EndProject
Project("{FAE04EC0-301F-11D3-BF4B-00C04F79EFBC}") = "Task_14", "Task_14\Task_14.csproj", "{8CCF4C42-B9D9-433D-B43F-0559A245A80E}"
EndProject
Global
	GlobalSection(SolutionConfigurationPlatforms) = preSolution
		Debug|Any CPU = Debug|Any CPU
		Release|Any CPU = Release|Any CPU
	EndGlobalSection
	GlobalSection(ProjectConfigurationPlatforms) = postSolution
		{045DFA01-78E0-4ECB-A579-DD28C723C44E}.Debug|Any CPU.ActiveCfg = Debug|Any CPU
		{045DFA01-78E0-4ECB-A579-DD28C723C44E}.Debug|Any CPU.Build.0 = Debug|Any CPU
		{045DFA01-78E0-4ECB-A579-DD28C723C44E}.Release|Any CPU.ActiveCfg = Release|Any CPU
		{045DFA01-78E0-4ECB-A579-DD28C723C44E}.Release|Any CPU.Build.0 = Release|Any CPU
		{8885FDB9-591F-4887-8290-9BBAEB8A8DEA}.Debug|Any CPU.ActiveCfg = Debug|Any CPU
		{8885FDB9-591F-4887-8290-9BBAEB8A8DEA}.Debug|Any CPU.Build.0 = Debug|Any CPU
		{8885FDB9-591F-4887-8290-9BBAEB8A8DEA}.Release|Any CPU.ActiveCfg = Release|Any CPU
		{8885FDB9-591F-4887-8290-9BBAEB8A8DEA}.Release|Any CPU.Build.0 = Release|Any CPU
		{8DE4C583-9C20-4D5B-BE34-B3D8216F21A2}.Debug|Any CPU.ActiveCfg = Debug|Any CPU
		{8DE4C583-9C20-4D5B-BE34-B3D8216F21A2}.Debug|Any CPU.Build.0 = Debug|Any CPU
		{8DE4C583-9C20-4D5B-BE34-B3D8216F21A2}.Release|Any CPU.ActiveCfg = Release|Any CPU
		{8DE4C583-9C20-4D5B-BE34-B3D8216F21A2}.Release|Any CPU.Build.0 = Release|Any CPU
		{CEE3A7FF-0BFC-4045-AF67-CCC96361E884}.Debug|Any CPU.ActiveCfg = Debug|Any CPU
		{CEE3A7FF-0BFC-4045-AF67-CCC96361E884}.Debug|Any CPU.Build.0 = Debug|Any CPU
		{CEE3A7FF-0BFC-4045-AF67-CCC96361E884}.Release|Any CPU.ActiveCfg = Release|Any CPU
		{CEE3A7FF-0BFC-4045-AF67-CCC96361E884}.Release|Any CPU.Build.0 = Release|Any CPU
		{D7ADBABA-51C6-4269-89C3-7410D0147E5F}.Debug|Any CPU.ActiveCfg = Debug|Any CPU
		{D7ADBABA-51C6-4269-89C3-7410D0147E5F}.Debug|Any CPU.Build.0 = Debug|Any CPU
		{D7ADBABA-51C6-4269-89C3-7410D0147E5F}.Release|Any CPU.ActiveCfg = Release|Any CPU
		{D7ADBABA-51C6-4269-89C3-7410D0147E5F}.Release|Any CPU.Build.0 = Release|Any CPU
		{2CB19C54-8933-4BCB-86D8-C3AC81448D8C}.Debug|Any CPU.ActiveCfg = Debug|Any CPU
		{2CB19C54-8933-4BCB-86D8-C3AC81448D8C}.Debug|Any CPU.Build.0 = Debug|Any CPU
		{2CB19C54-8933-4BCB-86D8-C3AC81448D8C}.Release|Any CPU.ActiveCfg = Release|Any CPU
		{2CB19C54-8933-4BCB-86D8-C3AC81448D8C}.Release|Any CPU.Build.0 = Release|Any CPU
		{1E3AEF3C-59D5-460E-B2BE-453B095A7977}.Debug|Any CPU.ActiveCfg = Debug|Any CPU
		{1E3AEF3C-59D5-460E-B2BE-453B095A7977}.Debug|Any CPU.Build.0 = Debug|Any CPU
		{1E3AEF3C-59D5-460E-B2BE-453B095A7977}.Release|Any CPU.ActiveCfg = Release|Any CPU
		{1E3AEF3C-59D5-460E-B2BE-453B095A7977}.Release|Any CPU.Build.0 = Release|Any CPU
		{2E2848F8-D1C1-4422-9AA9-B63183531EB8}.Debug|Any CPU.ActiveCfg = Debug|Any CPU
		{2E2848F8-D1C1-4422-9AA9-B63183531EB8}.Debug|Any CPU.Build.0 = Debug|Any CPU
		{2E2848F8-D1C1-4422-9AA9-B63183531EB8}.Release|Any CPU.ActiveCfg = Release|Any CPU
		{2E2848F8-D1C1-4422-9AA9-B63183531EB8}.Release|Any CPU.Build.0 = Release|Any CPU
		{80E28193-CEE2-4AF6-B9F4-FF4674199C3B}.Debug|Any CPU.ActiveCfg = Debug|Any CPU
		{80E28193-CEE2-4AF6-B9F4-FF4674199C3B}.Debug|Any CPU.Build.0 = Debug|Any CPU
		{80E28193-CEE2-4AF6-B9F4-FF4674199C3B}.Release|Any CPU.ActiveCfg = Release|Any CPU
		{80E28193-CEE2-4AF6-B9F4-FF4674199C3B}.Release|Any CPU.Build.0 = Release|Any CPU
		{1E5375BB-99F1-46A4-BA27-15BAC5CE2337}.Debug|Any CPU.ActiveCfg = Debug|Any CPU
		{1E5375BB-99F1-46A4-BA27-15BAC5CE2337}.Debug|Any CPU.Build.0 = Debug|Any CPU
		{1E5375BB-99F1-46A4-BA27-15BAC5CE2337}.Release|Any CPU.ActiveCfg = Release|Any CPU
		{1E5375BB-99F1-46A4-BA27-15BAC5CE2337}.Release|Any CPU.Build.0 = Release|Any CPU
		{D62FDC7B-D901-46E6-A775-BEE70BFA9528}.Debug|Any CPU.ActiveCfg = Debug|Any CPU
		{D62FDC7B-D901-46E6-A775-BEE70BFA9528}.Debug|Any CPU.Build.0 = Debug|Any CPU
		{D62FDC7B-D901-46E6-A775-BEE70BFA9528}.Release|Any CPU.ActiveCfg = Release|Any CPU
		{D62FDC7B-D901-46E6-A775-BEE70BFA9528}.Release|Any CPU.Build.0 = Release|Any CPU
		{9F24C8F1-C386-4508-9E95-198A6D1EB488}.Debug|Any CPU.ActiveCfg = Debug|Any CPU
		{9F24C8F1-C386-4508-9E95-198A6D1EB488}.Debug|Any CPU.Build.0 = Debug|Any CPU
		{9F24C8F1-C386-4508-9E95-198A6D1EB488}.Release|Any CPU.ActiveCfg = Release|Any CPU
		{9F24C8F1-C386-4508-9E95-198A6D1EB488}.Release|Any CPU.Build.0 = Release|Any CPU
		{C4EB04AF-75CC-40A5-927E-D2F6D65B7AD7}.Debug|Any CPU.ActiveCfg = Debug|Any CPU
		{C4EB04AF-75CC-40A5-927E-D2F6D65B7AD7}.Debug|Any CPU.Build.0 = Debug|Any CPU
		{C4EB04AF-75CC-40A5-927E-D2F6D65B7AD7}.Release|Any CPU.ActiveCfg = Release|Any CPU
		{C4EB04AF-75CC-40A5-927E-D2F6D65B7AD7}.Release|Any CPU.Build.0 = Release|Any CPU
		{8CCF4C42-B9D9-433D-B43F-0559A245A80E}.Debug|Any CPU.ActiveCfg = Debug|Any CPU
		{8CCF4C42-B9D9-433D-B43F-0559A245A80E}.Debug|Any CPU.Build.0 = Debug|Any CPU
		{8CCF4C42-B9D9-433D-B43F-0559A245A80E}.Release|Any CPU.ActiveCfg = Release|Any CPU
		{8CCF4C42-B9D9-433D-B43F-0559A245A80E}.Release|Any CPU.Build.0 = Release|Any CPU
	EndGlobalSection
	GlobalSection(SolutionProperties) = preSolution
		HideSolutionNode = FALSE
	EndGlobalSection
	GlobalSection(ExtensibilityGlobals) = postSolution
		SolutionGuid = {C6207EC1-9028-4F70-8270-0D2CA169A862}
	EndGlobalSection
EndGlobal
