
Microsoft Visual Studio Solution File, Format Version 12.00
# Visual Studio Version 17
VisualStudioVersion = 17.11.35222.181
MinimumVisualStudioVersion = 10.0.40219.1
Project("{FAE04EC0-301F-11D3-BF4B-00C04F79EFBC}") = "Task_1", "Task_1\Task_1.csproj", "{8E04896B-FE82-49E3-8157-4E909A358940}"
EndProject
Project("{FAE04EC0-301F-11D3-BF4B-00C04F79EFBC}") = "Task_2", "Task_2\Task_2.csproj", "{CA1E831A-A7FE-4CEE-8E28-FCA1363748F8}"
EndProject
Project("{FAE04EC0-301F-11D3-BF4B-00C04F79EFBC}") = "Task_3", "Task_3\Task_3.csproj", "{B14E85A1-2304-4CB7-86FB-EE26DE690AE9}"
EndProject
Project("{FAE04EC0-301F-11D3-BF4B-00C04F79EFBC}") = "Task_4", "Task_4\Task_4.csproj", "{F956ECB1-35C5-473F-B182-059889D0FF35}"
EndProject
Project("{FAE04EC0-301F-11D3-BF4B-00C04F79EFBC}") = "Task_5", "Task_5\Task_5.csproj", "{99CC41A9-8053-4CA2-93AC-6A700F6B12CD}"
EndProject
Project("{FAE04EC0-301F-11D3-BF4B-00C04F79EFBC}") = "Task_6", "Task_6\Task_6.csproj", "{7BC46874-9741-4762-8A32-E9FDF45FBCD1}"
EndProject
Project("{FAE04EC0-301F-11D3-BF4B-00C04F79EFBC}") = "Task_8", "Task_8\Task_8.csproj", "{3BDC73F1-6464-494B-B223-2EA6EA4BD85D}"
EndProject
Project("{FAE04EC0-301F-11D3-BF4B-00C04F79EFBC}") = "Task_9", "Task_9\Task_9.csproj", "{C923A447-9091-43D0-8D25-F9FD990F5EDA}"
EndProject
Project("{FAE04EC0-301F-11D3-BF4B-00C04F79EFBC}") = "Task_10", "Task_10\Task_10.csproj", "{F3645508-64D7-41A6-B635-9A61639AC26C}"
EndProject
Project("{FAE04EC0-301F-11D3-BF4B-00C04F79EFBC}") = "Task_7", "Task_7\Task_7.csproj", "{70ABBC05-77D7-4297-8492-489C6219916B}"
EndProject
Global
	GlobalSection(SolutionConfigurationPlatforms) = preSolution
		Debug|Any CPU = Debug|Any CPU
		Debug|x64 = Debug|x64
		Debug|x86 = Debug|x86
		Release|Any CPU = Release|Any CPU
		Release|x64 = Release|x64
		Release|x86 = Release|x86
	EndGlobalSection
	GlobalSection(ProjectConfigurationPlatforms) = postSolution
		{8E04896B-FE82-49E3-8157-4E909A358940}.Debug|Any CPU.ActiveCfg = Debug|Any CPU
		{8E04896B-FE82-49E3-8157-4E909A358940}.Debug|Any CPU.Build.0 = Debug|Any CPU
		{8E04896B-FE82-49E3-8157-4E909A358940}.Debug|x64.ActiveCfg = Debug|Any CPU
		{8E04896B-FE82-49E3-8157-4E909A358940}.Debug|x64.Build.0 = Debug|Any CPU
		{8E04896B-FE82-49E3-8157-4E909A358940}.Debug|x86.ActiveCfg = Debug|Any CPU
		{8E04896B-FE82-49E3-8157-4E909A358940}.Debug|x86.Build.0 = Debug|Any CPU
		{8E04896B-FE82-49E3-8157-4E909A358940}.Release|Any CPU.ActiveCfg = Release|Any CPU
		{8E04896B-FE82-49E3-8157-4E909A358940}.Release|Any CPU.Build.0 = Release|Any CPU
		{8E04896B-FE82-49E3-8157-4E909A358940}.Release|x64.ActiveCfg = Release|Any CPU
		{8E04896B-FE82-49E3-8157-4E909A358940}.Release|x64.Build.0 = Release|Any CPU
		{8E04896B-FE82-49E3-8157-4E909A358940}.Release|x86.ActiveCfg = Release|Any CPU
		{8E04896B-FE82-49E3-8157-4E909A358940}.Release|x86.Build.0 = Release|Any CPU
		{CA1E831A-A7FE-4CEE-8E28-FCA1363748F8}.Debug|Any CPU.ActiveCfg = Debug|Any CPU
		{CA1E831A-A7FE-4CEE-8E28-FCA1363748F8}.Debug|Any CPU.Build.0 = Debug|Any CPU
		{CA1E831A-A7FE-4CEE-8E28-FCA1363748F8}.Debug|x64.ActiveCfg = Debug|Any CPU
		{CA1E831A-A7FE-4CEE-8E28-FCA1363748F8}.Debug|x64.Build.0 = Debug|Any CPU
		{CA1E831A-A7FE-4CEE-8E28-FCA1363748F8}.Debug|x86.ActiveCfg = Debug|Any CPU
		{CA1E831A-A7FE-4CEE-8E28-FCA1363748F8}.Debug|x86.Build.0 = Debug|Any CPU
		{CA1E831A-A7FE-4CEE-8E28-FCA1363748F8}.Release|Any CPU.ActiveCfg = Release|Any CPU
		{CA1E831A-A7FE-4CEE-8E28-FCA1363748F8}.Release|Any CPU.Build.0 = Release|Any CPU
		{CA1E831A-A7FE-4CEE-8E28-FCA1363748F8}.Release|x64.ActiveCfg = Release|Any CPU
		{CA1E831A-A7FE-4CEE-8E28-FCA1363748F8}.Release|x64.Build.0 = Release|Any CPU
		{CA1E831A-A7FE-4CEE-8E28-FCA1363748F8}.Release|x86.ActiveCfg = Release|Any CPU
		{CA1E831A-A7FE-4CEE-8E28-FCA1363748F8}.Release|x86.Build.0 = Release|Any CPU
		{B14E85A1-2304-4CB7-86FB-EE26DE690AE9}.Debug|Any CPU.ActiveCfg = Debug|Any CPU
		{B14E85A1-2304-4CB7-86FB-EE26DE690AE9}.Debug|Any CPU.Build.0 = Debug|Any CPU
		{B14E85A1-2304-4CB7-86FB-EE26DE690AE9}.Debug|x64.ActiveCfg = Debug|Any CPU
		{B14E85A1-2304-4CB7-86FB-EE26DE690AE9}.Debug|x64.Build.0 = Debug|Any CPU
		{B14E85A1-2304-4CB7-86FB-EE26DE690AE9}.Debug|x86.ActiveCfg = Debug|Any CPU
		{B14E85A1-2304-4CB7-86FB-EE26DE690AE9}.Debug|x86.Build.0 = Debug|Any CPU
		{B14E85A1-2304-4CB7-86FB-EE26DE690AE9}.Release|Any CPU.ActiveCfg = Release|Any CPU
		{B14E85A1-2304-4CB7-86FB-EE26DE690AE9}.Release|Any CPU.Build.0 = Release|Any CPU
		{B14E85A1-2304-4CB7-86FB-EE26DE690AE9}.Release|x64.ActiveCfg = Release|Any CPU
		{B14E85A1-2304-4CB7-86FB-EE26DE690AE9}.Release|x64.Build.0 = Release|Any CPU
		{B14E85A1-2304-4CB7-86FB-EE26DE690AE9}.Release|x86.ActiveCfg = Release|Any CPU
		{B14E85A1-2304-4CB7-86FB-EE26DE690AE9}.Release|x86.Build.0 = Release|Any CPU
		{F956ECB1-35C5-473F-B182-059889D0FF35}.Debug|Any CPU.ActiveCfg = Debug|Any CPU
		{F956ECB1-35C5-473F-B182-059889D0FF35}.Debug|Any CPU.Build.0 = Debug|Any CPU
		{F956ECB1-35C5-473F-B182-059889D0FF35}.Debug|x64.ActiveCfg = Debug|Any CPU
		{F956ECB1-35C5-473F-B182-059889D0FF35}.Debug|x64.Build.0 = Debug|Any CPU
		{F956ECB1-35C5-473F-B182-059889D0FF35}.Debug|x86.ActiveCfg = Debug|Any CPU
		{F956ECB1-35C5-473F-B182-059889D0FF35}.Debug|x86.Build.0 = Debug|Any CPU
		{F956ECB1-35C5-473F-B182-059889D0FF35}.Release|Any CPU.ActiveCfg = Release|Any CPU
		{F956ECB1-35C5-473F-B182-059889D0FF35}.Release|Any CPU.Build.0 = Release|Any CPU
		{F956ECB1-35C5-473F-B182-059889D0FF35}.Release|x64.ActiveCfg = Release|Any CPU
		{F956ECB1-35C5-473F-B182-059889D0FF35}.Release|x64.Build.0 = Release|Any CPU
		{F956ECB1-35C5-473F-B182-059889D0FF35}.Release|x86.ActiveCfg = Release|Any CPU
		{F956ECB1-35C5-473F-B182-059889D0FF35}.Release|x86.Build.0 = Release|Any CPU
		{99CC41A9-8053-4CA2-93AC-6A700F6B12CD}.Debug|Any CPU.ActiveCfg = Debug|Any CPU
		{99CC41A9-8053-4CA2-93AC-6A700F6B12CD}.Debug|Any CPU.Build.0 = Debug|Any CPU
		{99CC41A9-8053-4CA2-93AC-6A700F6B12CD}.Debug|x64.ActiveCfg = Debug|Any CPU
		{99CC41A9-8053-4CA2-93AC-6A700F6B12CD}.Debug|x64.Build.0 = Debug|Any CPU
		{99CC41A9-8053-4CA2-93AC-6A700F6B12CD}.Debug|x86.ActiveCfg = Debug|Any CPU
		{99CC41A9-8053-4CA2-93AC-6A700F6B12CD}.Debug|x86.Build.0 = Debug|Any CPU
		{99CC41A9-8053-4CA2-93AC-6A700F6B12CD}.Release|Any CPU.ActiveCfg = Release|Any CPU
		{99CC41A9-8053-4CA2-93AC-6A700F6B12CD}.Release|Any CPU.Build.0 = Release|Any CPU
		{99CC41A9-8053-4CA2-93AC-6A700F6B12CD}.Release|x64.ActiveCfg = Release|Any CPU
		{99CC41A9-8053-4CA2-93AC-6A700F6B12CD}.Release|x64.Build.0 = Release|Any CPU
		{99CC41A9-8053-4CA2-93AC-6A700F6B12CD}.Release|x86.ActiveCfg = Release|Any CPU
		{99CC41A9-8053-4CA2-93AC-6A700F6B12CD}.Release|x86.Build.0 = Release|Any CPU
		{7BC46874-9741-4762-8A32-E9FDF45FBCD1}.Debug|Any CPU.ActiveCfg = Debug|Any CPU
		{7BC46874-9741-4762-8A32-E9FDF45FBCD1}.Debug|Any CPU.Build.0 = Debug|Any CPU
		{7BC46874-9741-4762-8A32-E9FDF45FBCD1}.Debug|x64.ActiveCfg = Debug|Any CPU
		{7BC46874-9741-4762-8A32-E9FDF45FBCD1}.Debug|x64.Build.0 = Debug|Any CPU
		{7BC46874-9741-4762-8A32-E9FDF45FBCD1}.Debug|x86.ActiveCfg = Debug|Any CPU
		{7BC46874-9741-4762-8A32-E9FDF45FBCD1}.Debug|x86.Build.0 = Debug|Any CPU
		{7BC46874-9741-4762-8A32-E9FDF45FBCD1}.Release|Any CPU.ActiveCfg = Release|Any CPU
		{7BC46874-9741-4762-8A32-E9FDF45FBCD1}.Release|Any CPU.Build.0 = Release|Any CPU
		{7BC46874-9741-4762-8A32-E9FDF45FBCD1}.Release|x64.ActiveCfg = Release|Any CPU
		{7BC46874-9741-4762-8A32-E9FDF45FBCD1}.Release|x64.Build.0 = Release|Any CPU
		{7BC46874-9741-4762-8A32-E9FDF45FBCD1}.Release|x86.ActiveCfg = Release|Any CPU
		{7BC46874-9741-4762-8A32-E9FDF45FBCD1}.Release|x86.Build.0 = Release|Any CPU
		{3BDC73F1-6464-494B-B223-2EA6EA4BD85D}.Debug|Any CPU.ActiveCfg = Debug|Any CPU
		{3BDC73F1-6464-494B-B223-2EA6EA4BD85D}.Debug|Any CPU.Build.0 = Debug|Any CPU
		{3BDC73F1-6464-494B-B223-2EA6EA4BD85D}.Debug|x64.ActiveCfg = Debug|Any CPU
		{3BDC73F1-6464-494B-B223-2EA6EA4BD85D}.Debug|x64.Build.0 = Debug|Any CPU
		{3BDC73F1-6464-494B-B223-2EA6EA4BD85D}.Debug|x86.ActiveCfg = Debug|Any CPU
		{3BDC73F1-6464-494B-B223-2EA6EA4BD85D}.Debug|x86.Build.0 = Debug|Any CPU
		{3BDC73F1-6464-494B-B223-2EA6EA4BD85D}.Release|Any CPU.ActiveCfg = Release|Any CPU
		{3BDC73F1-6464-494B-B223-2EA6EA4BD85D}.Release|Any CPU.Build.0 = Release|Any CPU
		{3BDC73F1-6464-494B-B223-2EA6EA4BD85D}.Release|x64.ActiveCfg = Release|Any CPU
		{3BDC73F1-6464-494B-B223-2EA6EA4BD85D}.Release|x64.Build.0 = Release|Any CPU
		{3BDC73F1-6464-494B-B223-2EA6EA4BD85D}.Release|x86.ActiveCfg = Release|Any CPU
		{3BDC73F1-6464-494B-B223-2EA6EA4BD85D}.Release|x86.Build.0 = Release|Any CPU
		{C923A447-9091-43D0-8D25-F9FD990F5EDA}.Debug|Any CPU.ActiveCfg = Debug|Any CPU
		{C923A447-9091-43D0-8D25-F9FD990F5EDA}.Debug|Any CPU.Build.0 = Debug|Any CPU
		{C923A447-9091-43D0-8D25-F9FD990F5EDA}.Debug|x64.ActiveCfg = Debug|Any CPU
		{C923A447-9091-43D0-8D25-F9FD990F5EDA}.Debug|x64.Build.0 = Debug|Any CPU
		{C923A447-9091-43D0-8D25-F9FD990F5EDA}.Debug|x86.ActiveCfg = Debug|Any CPU
		{C923A447-9091-43D0-8D25-F9FD990F5EDA}.Debug|x86.Build.0 = Debug|Any CPU
		{C923A447-9091-43D0-8D25-F9FD990F5EDA}.Release|Any CPU.ActiveCfg = Release|Any CPU
		{C923A447-9091-43D0-8D25-F9FD990F5EDA}.Release|Any CPU.Build.0 = Release|Any CPU
		{C923A447-9091-43D0-8D25-F9FD990F5EDA}.Release|x64.ActiveCfg = Release|Any CPU
		{C923A447-9091-43D0-8D25-F9FD990F5EDA}.Release|x64.Build.0 = Release|Any CPU
		{C923A447-9091-43D0-8D25-F9FD990F5EDA}.Release|x86.ActiveCfg = Release|Any CPU
		{C923A447-9091-43D0-8D25-F9FD990F5EDA}.Release|x86.Build.0 = Release|Any CPU
		{F3645508-64D7-41A6-B635-9A61639AC26C}.Debug|Any CPU.ActiveCfg = Debug|Any CPU
		{F3645508-64D7-41A6-B635-9A61639AC26C}.Debug|Any CPU.Build.0 = Debug|Any CPU
		{F3645508-64D7-41A6-B635-9A61639AC26C}.Debug|x64.ActiveCfg = Debug|Any CPU
		{F3645508-64D7-41A6-B635-9A61639AC26C}.Debug|x64.Build.0 = Debug|Any CPU
		{F3645508-64D7-41A6-B635-9A61639AC26C}.Debug|x86.ActiveCfg = Debug|Any CPU
		{F3645508-64D7-41A6-B635-9A61639AC26C}.Debug|x86.Build.0 = Debug|Any CPU
		{F3645508-64D7-41A6-B635-9A61639AC26C}.Release|Any CPU.ActiveCfg = Release|Any CPU
		{F3645508-64D7-41A6-B635-9A61639AC26C}.Release|Any CPU.Build.0 = Release|Any CPU
		{F3645508-64D7-41A6-B635-9A61639AC26C}.Release|x64.ActiveCfg = Release|Any CPU
		{F3645508-64D7-41A6-B635-9A61639AC26C}.Release|x64.Build.0 = Release|Any CPU
		{F3645508-64D7-41A6-B635-9A61639AC26C}.Release|x86.ActiveCfg = Release|Any CPU
		{F3645508-64D7-41A6-B635-9A61639AC26C}.Release|x86.Build.0 = Release|Any CPU
		{70ABBC05-77D7-4297-8492-489C6219916B}.Debug|Any CPU.ActiveCfg = Debug|Any CPU
		{70ABBC05-77D7-4297-8492-489C6219916B}.Debug|Any CPU.Build.0 = Debug|Any CPU
		{70ABBC05-77D7-4297-8492-489C6219916B}.Debug|x64.ActiveCfg = Debug|Any CPU
		{70ABBC05-77D7-4297-8492-489C6219916B}.Debug|x64.Build.0 = Debug|Any CPU
		{70ABBC05-77D7-4297-8492-489C6219916B}.Debug|x86.ActiveCfg = Debug|Any CPU
		{70ABBC05-77D7-4297-8492-489C6219916B}.Debug|x86.Build.0 = Debug|Any CPU
		{70ABBC05-77D7-4297-8492-489C6219916B}.Release|Any CPU.ActiveCfg = Release|Any CPU
		{70ABBC05-77D7-4297-8492-489C6219916B}.Release|Any CPU.Build.0 = Release|Any CPU
		{70ABBC05-77D7-4297-8492-489C6219916B}.Release|x64.ActiveCfg = Release|Any CPU
		{70ABBC05-77D7-4297-8492-489C6219916B}.Release|x64.Build.0 = Release|Any CPU
		{70ABBC05-77D7-4297-8492-489C6219916B}.Release|x86.ActiveCfg = Release|Any CPU
		{70ABBC05-77D7-4297-8492-489C6219916B}.Release|x86.Build.0 = Release|Any CPU
	EndGlobalSection
	GlobalSection(SolutionProperties) = preSolution
		HideSolutionNode = FALSE
	EndGlobalSection
	GlobalSection(ExtensibilityGlobals) = postSolution
		SolutionGuid = {64D7E17E-B8F3-4F67-8024-8CEBF862C2A3}
	EndGlobalSection
EndGlobal
